
Microsoft Visual Studio Solution File, Format Version 12.00
# Visual Studio Version 16
VisualStudioVersion = 16.0.31624.102
MinimumVisualStudioVersion = 10.0.40219.1
Project("{9A19103F-16F7-4668-BE54-9A1E7A4F7556}") = "dotenv", "src\DotEnv.csproj", "{2F095AFC-D807-4AA7-86A6-B64C07682EEE}"
EndProject
Global
	GlobalSection(SolutionConfigurationPlatforms) = preSolution
		Debug|Any CPU = Debug|Any CPU
		Release|Any CPU = Release|Any CPU
	EndGlobalSection
	GlobalSection(ProjectConfigurationPlatforms) = postSolution
		{2F095AFC-D807-4AA7-86A6-B64C07682EEE}.Debug|Any CPU.ActiveCfg = Debug|Any CPU
		{2F095AFC-D807-4AA7-86A6-B64C07682EEE}.Debug|Any CPU.Build.0 = Debug|Any CPU
		{2F095AFC-D807-4AA7-86A6-B64C07682EEE}.Release|Any CPU.ActiveCfg = Release|Any CPU
		{2F095AFC-D807-4AA7-86A6-B64C07682EEE}.Release|Any CPU.Build.0 = Release|Any CPU
	EndGlobalSection
	GlobalSection(SolutionProperties) = preSolution
		HideSolutionNode = FALSE
	EndGlobalSection
	GlobalSection(ExtensibilityGlobals) = postSolution
		SolutionGuid = {A0D201B4-0F62-4D0F-8DA7-F71CE07B52F1}
	EndGlobalSection
EndGlobal
